// !$*UTF8*$!
{
	archiveVersion = 1;
	classes = {
	};
	objectVersion = 46;
	objects = {

/* Begin PBXBuildFile section */
		6EDFCB841E62201900A680FC /* AppDelegate.swift in Sources */ = {isa = PBXBuildFile; fileRef = 6EDFCB831E62201900A680FC /* AppDelegate.swift */; };
		6EDFCB861E62201900A680FC /* ViewController.swift in Sources */ = {isa = PBXBuildFile; fileRef = 6EDFCB851E62201900A680FC /* ViewController.swift */; };
		6EDFCB891E62201900A680FC /* Main.storyboard in Resources */ = {isa = PBXBuildFile; fileRef = 6EDFCB871E62201900A680FC /* Main.storyboard */; };
		6EDFCB8B1E62201900A680FC /* Assets.xcassets in Resources */ = {isa = PBXBuildFile; fileRef = 6EDFCB8A1E62201900A680FC /* Assets.xcassets */; };
		6EDFCB8E1E62201900A680FC /* LaunchScreen.storyboard in Resources */ = {isa = PBXBuildFile; fileRef = 6EDFCB8C1E62201900A680FC /* LaunchScreen.storyboard */; };
/* End PBXBuildFile section */

/* Begin PBXFileReference section */
		6EDFCB801E62201900A680FC /* Twitter.app */ = {isa = PBXFileReference; explicitFileType = wrapper.application; includeInIndex = 0; path = Twitter.app; sourceTree = BUILT_PRODUCTS_DIR; };
		6EDFCB831E62201900A680FC /* AppDelegate.swift */ = {isa = PBXFileReference; lastKnownFileType = sourcecode.swift; path = AppDelegate.swift; sourceTree = "<group>"; };
		6EDFCB851E62201900A680FC /* ViewController.swift */ = {isa = PBXFileReference; lastKnownFileType = sourcecode.swift; path = ViewController.swift; sourceTree = "<group>"; };
		6EDFCB881E62201900A680FC /* Base */ = {isa = PBXFileReference; lastKnownFileType = file.storyboard; name = Base; path = Base.lproj/Main.storyboard; sourceTree = "<group>"; };
		6EDFCB8A1E62201900A680FC /* Assets.xcassets */ = {isa = PBXFileReference; lastKnownFileType = folder.assetcatalog; path = Assets.xcassets; sourceTree = "<group>"; };
		6EDFCB8D1E62201900A680FC /* Base */ = {isa = PBXFileReference; lastKnownFileType = file.storyboard; name = Base; path = Base.lproj/LaunchScreen.storyboard; sourceTree = "<group>"; };
		6EDFCB8F1E62201900A680FC /* Info.plist */ = {isa = PBXFileReference; lastKnownFileType = text.plist.xml; path = Info.plist; sourceTree = "<group>"; };
/* End PBXFileReference section */

/* Begin PBXFrameworksBuildPhase section */
		6EDFCB7D1E62201900A680FC /* Frameworks */ = {
			isa = PBXFrameworksBuildPhase;
			buildActionMask = 2147483647;
			files = (
			);
			runOnlyForDeploymentPostprocessing = 0;
		};
/* End PBXFrameworksBuildPhase section */

/* Begin PBXGroup section */
		6EDFCB771E62201900A680FC = {
			isa = PBXGroup;
			children = (
				6EDFCB821E62201900A680FC /* Twitter */,
				6EDFCB811E62201900A680FC /* Products */,
			);
			sourceTree = "<group>";
		};
		6EDFCB811E62201900A680FC /* Products */ = {
			isa = PBXGroup;
			children = (
				6EDFCB801E62201900A680FC /* Twitter.app */,
			);
			name = Products;
			sourceTree = "<group>";
		};
		6EDFCB821E62201900A680FC /* Twitter */ = {
			isa = PBXGroup;
			children = (
				6EDFCB831E62201900A680FC /* AppDelegate.swift */,
				6EDFCB851E62201900A680FC /* ViewController.swift */,
				6EDFCB871E62201900A680FC /* Main.storyboard */,
				6EDFCB8A1E62201900A680FC /* Assets.xcassets */,
				6EDFCB8C1E62201900A680FC /* LaunchScreen.storyboard */,
				6EDFCB8F1E62201900A680FC /* Info.plist */,
			);
			path = Twitter;
			sourceTree = "<group>";
		};
/* End PBXGroup section */

/* Begin PBXNativeTarget section */
		6EDFCB7F1E62201900A680FC /* Twitter */ = {
			isa = PBXNativeTarget;
			buildConfigurationList = 6EDFCB921E62201900A680FC /* Build configuration list for PBXNativeTarget "Twitter" */;
			buildPhases = (
				6EDFCB7C1E62201900A680FC /* Sources */,
				6EDFCB7D1E62201900A680FC /* Frameworks */,
				6EDFCB7E1E62201900A680FC /* Resources */,
			);
			buildRules = (
			);
			dependencies = (
			);
			name = Twitter;
			productName = Twitter;
			productReference = 6EDFCB801E62201900A680FC /* Twitter.app */;
			productType = "com.apple.product-type.application";
		};
/* End PBXNativeTarget section */

/* Begin PBXProject section */
		6EDFCB781E62201900A680FC /* Project object */ = {
			isa = PBXProject;
			attributes = {
				LastSwiftUpdateCheck = 0820;
				LastUpgradeCheck = 0820;
				ORGANIZATIONNAME = "Zulwiyoza Putra";
				TargetAttributes = {
					6EDFCB7F1E62201900A680FC = {
						CreatedOnToolsVersion = 8.2.1;
						DevelopmentTeam = 44VVQHZS45;
						ProvisioningStyle = Automatic;
					};
				};
			};
			buildConfigurationList = 6EDFCB7B1E62201900A680FC /* Build configuration list for PBXProject "Twitter" */;
			compatibilityVersion = "Xcode 3.2";
			developmentRegion = English;
			hasScannedForEncodings = 0;
			knownRegions = (
				en,
				Base,
			);
			mainGroup = 6EDFCB771E62201900A680FC;
			productRefGroup = 6EDFCB811E62201900A680FC /* Products */;
			projectDirPath = "";
			projectRoot = "";
			targets = (
				6EDFCB7F1E62201900A680FC /* Twitter */,
			);
		};
/* End PBXProject section */

/* Begin PBXResourcesBuildPhase section */
		6EDFCB7E1E62201900A680FC /* Resources */ = {
			isa = PBXResourcesBuildPhase;
			buildActionMask = 2147483647;
			files = (
				6EDFCB8E1E62201900A680FC /* LaunchScreen.storyboard in Resources */,
				6EDFCB8B1E62201900A680FC /* Assets.xcassets in Resources */,
				6EDFCB891E62201900A680FC /* Main.storyboard in Resources */,
			);
			runOnlyForDeploymentPostprocessing = 0;
		};
/* End PBXResourcesBuildPhase section */

/* Begin PBXSourcesBuildPhase section */
		6EDFCB7C1E62201900A680FC /* Sources */ = {
			isa = PBXSourcesBuildPhase;
			buildActionMask = 2147483647;
			files = (
				6EDFCB861E62201900A680FC /* ViewController.swift in Sources */,
				6EDFCB841E62201900A680FC /* AppDelegate.swift in Sources */,
			);
			runOnlyForDeploymentPostprocessing = 0;
		};
/* End PBXSourcesBuildPhase section */

/* Begin PBXVariantGroup section */
		6EDFCB871E62201900A680FC /* Main.storyboard */ = {
			isa = PBXVariantGroup;
			children = (
				6EDFCB881E62201900A680FC /* Base */,
			);
			name = Main.storyboard;
			sourceTree = "<group>";
		};
		6EDFCB8C1E62201900A680FC /* LaunchScreen.storyboard */ = {
			isa = PBXVariantGroup;
			children = (
				6EDFCB8D1E62201900A680FC /* Base */,
			);
			name = LaunchScreen.storyboard;
			sourceTree = "<group>";
		};
/* End PBXVariantGroup section */

/* Begin XCBuildConfiguration section */
		6EDFCB901E62201900A680FC /* Debug */ = {
			isa = XCBuildConfiguration;
			buildSettings = {
				ALWAYS_SEARCH_USER_PATHS = NO;
				CLANG_ANALYZER_NONNULL = YES;
				CLANG_CXX_LANGUAGE_STANDARD = "gnu++0x";
				CLANG_CXX_LIBRARY = "libc++";
				CLANG_ENABLE_MODULES = YES;
				CLANG_ENABLE_OBJC_ARC = YES;
				CLANG_WARN_BOOL_CONVERSION = YES;
				CLANG_WARN_CONSTANT_CONVERSION = YES;
				CLANG_WARN_DIRECT_OBJC_ISA_USAGE = YES_ERROR;
				CLANG_WARN_DOCUMENTATION_COMMENTS = YES;
				CLANG_WARN_EMPTY_BODY = YES;
				CLANG_WARN_ENUM_CONVERSION = YES;
				CLANG_WARN_INFINITE_RECURSION = YES;
				CLANG_WARN_INT_CONVERSION = YES;
				CLANG_WARN_OBJC_ROOT_CLASS = YES_ERROR;
				CLANG_WARN_SUSPICIOUS_MOVE = YES;
				CLANG_WARN_UNREACHABLE_CODE = YES;
				CLANG_WARN__DUPLICATE_METHOD_MATCH = YES;
				"CODE_SIGN_IDENTITY[sdk=iphoneos*]" = "iPhone Developer";
				COPY_PHASE_STRIP = NO;
				DEBUG_INFORMATION_FORMAT = dwarf;
				ENABLE_STRICT_OBJC_MSGSEND = YES;
				ENABLE_TESTABILITY = YES;
				GCC_C_LANGUAGE_STANDARD = gnu99;
				GCC_DYNAMIC_NO_PIC = NO;
				GCC_NO_COMMON_BLOCKS = YES;
				GCC_OPTIMIZATION_LEVEL = 0;
				GCC_PREPROCESSOR_DEFINITIONS = (
					"DEBUG=1",
					"$(inherited)",
				);
				GCC_WARN_64_TO_32_BIT_CONVERSION = YES;
				GCC_WARN_ABOUT_RETURN_TYPE = YES_ERROR;
				GCC_WARN_UNDECLARED_SELECTOR = YES;
				GCC_WARN_UNINITIALIZED_AUTOS = YES_AGGRESSIVE;
				GCC_WARN_UNUSED_FUNCTION = YES;
				GCC_WARN_UNUSED_VARIABLE = YES;
				IPHONEOS_DEPLOYMENT_TARGET = 10.2;
				MTL_ENABLE_DEBUG_INFO = YES;
				ONLY_ACTIVE_ARCH = YES;
				SDKROOT = iphoneos;
				SWIFT_ACTIVE_COMPILATION_CONDITIONS = DEBUG;
				SWIFT_OPTIMIZATION_LEVEL = "-Onone";
				TARGETED_DEVICE_FAMILY = "1,2";
			};
			name = Debug;
		};
		6EDFCB911E62201900A680FC /* Release */ = {
			isa = XCBuildConfiguration;
			buildSettings = {
				ALWAYS_SEARCH_USER_PATHS = NO;
				CLANG_ANALYZER_NONNULL = YES;
				CLANG_CXX_LANGUAGE_STANDARD = "gnu++0x";
				CLANG_CXX_LIBRARY = "libc++";
				CLANG_ENABLE_MODULES = YES;
				CLANG_ENABLE_OBJC_ARC = YES;
				CLANG_WARN_BOOL_CONVERSION = YES;
				CLANG_WARN_CONSTANT_CONVERSION = YES;
				CLANG_WARN_DIRECT_OBJC_ISA_USAGE = YES_ERROR;
				CLANG_WARN_DOCUMENTATION_COMMENTS = YES;
				CLANG_WARN_EMPTY_BODY = YES;
				CLANG_WARN_ENUM_CONVERSION = YES;
				CLANG_WARN_INFINITE_RECURSION = YES;
				CLANG_WARN_INT_CONVERSION = YES;
				CLANG_WARN_OBJC_ROOT_CLASS = YES_ERROR;
				CLANG_WARN_SUSPICIOUS_MOVE = YES;
				CLANG_WARN_UNREACHABLE_CODE = YES;
				CLANG_WARN__DUPLICATE_METHOD_MATCH = YES;
				"CODE_SIGN_IDENTITY[sdk=iphoneos*]" = "iPhone Developer";
				COPY_PHASE_STRIP = NO;
				DEBUG_INFORMATION_FORMAT = "dwarf-with-dsym";
				ENABLE_NS_ASSERTIONS = NO;
				ENABLE_STRICT_OBJC_MSGSEND = YES;
				GCC_C_LANGUAGE_STANDARD = gnu99;
				GCC_NO_COMMON_BLOCKS = YES;
				GCC_WARN_64_TO_32_BIT_CONVERSION = YES;
				GCC_WARN_ABOUT_RETURN_TYPE = YES_ERROR;
				GCC_WARN_UNDECLARED_SELECTOR = YES;
				GCC_WARN_UNINITIALIZED_AUTOS = YES_AGGRESSIVE;
				GCC_WARN_UNUSED_FUNCTION = YES;
				GCC_WARN_UNUSED_VARIABLE = YES;
				IPHONEOS_DEPLOYMENT_TARGET = 10.2;
				MTL_ENABLE_DEBUG_INFO = NO;
				SDKROOT = iphoneos;
				SWIFT_OPTIMIZATION_LEVEL = "-Owholemodule";
				TARGETED_DEVICE_FAMILY = "1,2";
				VALIDATE_PRODUCT = YES;
			};
			name = Release;
		};
		6EDFCB931E62201900A680FC /* Debug */ = {
			isa = XCBuildConfiguration;
			buildSettings = {
				ASSETCATALOG_COMPILER_APPICON_NAME = AppIcon;
				DEVELOPMENT_TEAM = 44VVQHZS45;
				INFOPLIST_FILE = Twitter/Info.plist;
				LD_RUNPATH_SEARCH_PATHS = "$(inherited) @executable_path/Frameworks";
				PRODUCT_BUNDLE_IDENTIFIER = com.zulwiyozaputra.Twitter;
				PRODUCT_NAME = "$(TARGET_NAME)";
				SWIFT_VERSION = 3.0;
			};
			name = Debug;
		};
		6EDFCB941E62201900A680FC /* Release */ = {
			isa = XCBuildConfiguration;
			buildSettings = {
				ASSETCATALOG_COMPILER_APPICON_NAME = AppIcon;
				DEVELOPMENT_TEAM = 44VVQHZS45;
				INFOPLIST_FILE = Twitter/Info.plist;
				LD_RUNPATH_SEARCH_PATHS = "$(inherited) @executable_path/Frameworks";
				PRODUCT_BUNDLE_IDENTIFIER = com.zulwiyozaputra.Twitter;
				PRODUCT_NAME = "$(TARGET_NAME)";
				SWIFT_VERSION = 3.0;
			};
			name = Release;
		};
/* End XCBuildConfiguration section */

/* Begin XCConfigurationList section */
		6EDFCB7B1E62201900A680FC /* Build configuration list for PBXProject "Twitter" */ = {
			isa = XCConfigurationList;
			buildConfigurations = (
				6EDFCB901E62201900A680FC /* Debug */,
				6EDFCB911E62201900A680FC /* Release */,
			);
			defaultConfigurationIsVisible = 0;
			defaultConfigurationName = Release;
		};
		6EDFCB921E62201900A680FC /* Build configuration list for PBXNativeTarget "Twitter" */ = {
			isa = XCConfigurationList;
			buildConfigurations = (
				6EDFCB931E62201900A680FC /* Debug */,
				6EDFCB941E62201900A680FC /* Release */,
			);
			defaultConfigurationIsVisible = 0;
		};
/* End XCConfigurationList section */
	};
	rootObject = 6EDFCB781E62201900A680FC /* Project object */;
}
